
Microsoft Visual Studio Solution File, Format Version 12.00
# Visual Studio Version 17
VisualStudioVersion = 17.5.33530.505
MinimumVisualStudioVersion = 10.0.40219.1
Project("{FAE04EC0-301F-11D3-BF4B-00C04F79EFBC}") = "RxMediaPharma", "RxMediaPharma.csproj", "{A90382C1-ADBC-4875-BF88-D4515A5282D9}"
EndProject
Global
	GlobalSection(SolutionConfigurationPlatforms) = preSolution
		Debug|Any CPU = Debug|Any CPU
		Release|Any CPU = Release|Any CPU
	EndGlobalSection
	GlobalSection(ProjectConfigurationPlatforms) = postSolution
		{A90382C1-ADBC-4875-BF88-D4515A5282D9}.Debug|Any CPU.ActiveCfg = Debug|Any CPU
		{A90382C1-ADBC-4875-BF88-D4515A5282D9}.Debug|Any CPU.Build.0 = Debug|Any CPU
		{A90382C1-ADBC-4875-BF88-D4515A5282D9}.Release|Any CPU.ActiveCfg = Release|Any CPU
		{A90382C1-ADBC-4875-BF88-D4515A5282D9}.Release|Any CPU.Build.0 = Release|Any CPU
	EndGlobalSection
	GlobalSection(SolutionProperties) = preSolution
		HideSolutionNode = FALSE
	EndGlobalSection
	GlobalSection(ExtensibilityGlobals) = postSolution
		SolutionGuid = {3F270829-D5A7-4732-9E5D-023B1AEC7556}
	EndGlobalSection
EndGlobal
